
Microsoft Visual Studio Solution File, Format Version 12.00
Project("{FAE04EC0-301F-11D3-BF4B-00C04F79EFBC}") = "Observability.Homework", "Observability.Homework\Observability.Homework.csproj", "{FA51BFEE-F62F-4D80-A43A-3C384C62D1AB}"
EndProject
Project("{FAE04EC0-301F-11D3-BF4B-00C04F79EFBC}") = "Observability.Homework.Tracing.Client", "Observability.Homework.Tracing.Client\Observability.Homework.Tracing.Client.csproj", "{ED0F7FFB-2DD2-429F-B389-76680F8825C8}"
EndProject
Global
	GlobalSection(SolutionConfigurationPlatforms) = preSolution
		Debug|Any CPU = Debug|Any CPU
		Release|Any CPU = Release|Any CPU
	EndGlobalSection
	GlobalSection(ProjectConfigurationPlatforms) = postSolution
		{FA51BFEE-F62F-4D80-A43A-3C384C62D1AB}.Debug|Any CPU.ActiveCfg = Debug|Any CPU
		{FA51BFEE-F62F-4D80-A43A-3C384C62D1AB}.Debug|Any CPU.Build.0 = Debug|Any CPU
		{FA51BFEE-F62F-4D80-A43A-3C384C62D1AB}.Release|Any CPU.ActiveCfg = Release|Any CPU
		{FA51BFEE-F62F-4D80-A43A-3C384C62D1AB}.Release|Any CPU.Build.0 = Release|Any CPU
		{ED0F7FFB-2DD2-429F-B389-76680F8825C8}.Debug|Any CPU.ActiveCfg = Debug|Any CPU
		{ED0F7FFB-2DD2-429F-B389-76680F8825C8}.Debug|Any CPU.Build.0 = Debug|Any CPU
		{ED0F7FFB-2DD2-429F-B389-76680F8825C8}.Release|Any CPU.ActiveCfg = Release|Any CPU
		{ED0F7FFB-2DD2-429F-B389-76680F8825C8}.Release|Any CPU.Build.0 = Release|Any CPU
	EndGlobalSection
EndGlobal
